
Microsoft Visual Studio Solution File, Format Version 12.00
# Visual Studio Version 16
VisualStudioVersion = 16.0.29806.167
MinimumVisualStudioVersion = 10.0.40219.1
Project("{FAE04EC0-301F-11D3-BF4B-00C04F79EFBC}") = "Atividade2", "Atividade2.csproj", "{3BF13FF7-3744-4F98-89DF-8D2C337512DB}"
EndProject
Global
	GlobalSection(SolutionConfigurationPlatforms) = preSolution
		Debug|Any CPU = Debug|Any CPU
		Release|Any CPU = Release|Any CPU
	EndGlobalSection
	GlobalSection(ProjectConfigurationPlatforms) = postSolution
		{3BF13FF7-3744-4F98-89DF-8D2C337512DB}.Debug|Any CPU.ActiveCfg = Debug|Any CPU
		{3BF13FF7-3744-4F98-89DF-8D2C337512DB}.Debug|Any CPU.Build.0 = Debug|Any CPU
		{3BF13FF7-3744-4F98-89DF-8D2C337512DB}.Release|Any CPU.ActiveCfg = Release|Any CPU
		{3BF13FF7-3744-4F98-89DF-8D2C337512DB}.Release|Any CPU.Build.0 = Release|Any CPU
	EndGlobalSection
	GlobalSection(SolutionProperties) = preSolution
		HideSolutionNode = FALSE
	EndGlobalSection
	GlobalSection(ExtensibilityGlobals) = postSolution
		SolutionGuid = {AEA7B6A8-CA3A-4BFF-BBC2-163FCB83BC25}
	EndGlobalSection
EndGlobal
